
Microsoft Visual Studio Solution File, Format Version 12.00
# Visual Studio Version 16
VisualStudioVersion = 16.0.31424.327
MinimumVisualStudioVersion = 10.0.40219.1
Project("{FAE04EC0-301F-11D3-BF4B-00C04F79EFBC}") = "Week1Task1", "Week1Task1\Week1Task1.csproj", "{CD5A678A-25AF-43CB-A585-76AEE385635A}"
EndProject
Project("{FAE04EC0-301F-11D3-BF4B-00C04F79EFBC}") = "Week1Task3", "Week1Task3\Week1Task3.csproj", "{7F5DAC79-4141-421D-BED8-436208E011E8}"
EndProject
Project("{FAE04EC0-301F-11D3-BF4B-00C04F79EFBC}") = "Week1Task2", "Week1Task2\Week1Task2.csproj", "{B0CA07D3-CBE8-47E8-820B-F23BC84177C2}"
EndProject
Project("{9A19103F-16F7-4668-BE54-9A1E7A4F7556}") = "Week3Task3", "Week3Task3\Week3Task3.csproj", "{3D639D0C-56AC-449F-8D21-64623EEC8D29}"
EndProject
Project("{9A19103F-16F7-4668-BE54-9A1E7A4F7556}") = "Week3Task3Tests", "Week3Task3Tests\Week3Task3Tests.csproj", "{DB84A95D-BF58-4FA3-A79E-BFAEEBEAA04E}"
EndProject
Project("{9A19103F-16F7-4668-BE54-9A1E7A4F7556}") = "Week3Task2", "Week3Task2\Week3Task2.csproj", "{96F0363C-8461-4BC7-9FC1-B6819C84BCC3}"
EndProject
Project("{9A19103F-16F7-4668-BE54-9A1E7A4F7556}") = "Week3Task2Tests", "Week3Task2Tests\Week3Task2Tests.csproj", "{B841D57F-A2BD-401D-AD90-F2629A1C8E45}"
EndProject
Project("{2150E333-8FDC-42A3-9474-1A3956D46DE8}") = "Week1", "Week1", "{7D2E0FDE-48DF-4949-A962-5B33494AB944}"
EndProject
Project("{2150E333-8FDC-42A3-9474-1A3956D46DE8}") = "Week3", "Week3", "{0A402429-CD4A-4B4D-AB72-2E3BD39D455E}"
EndProject
Project("{2150E333-8FDC-42A3-9474-1A3956D46DE8}") = "Week5", "Week5", "{7CCD6BD7-F1DA-4421-A08D-FAFDC5E51E37}"
EndProject
Project("{FAE04EC0-301F-11D3-BF4B-00C04F79EFBC}") = "Week5Task2", "Week5Task2\Week5Task2.csproj", "{7639A62A-33A0-45D6-A295-89E8B9534CFD}"
EndProject
Project("{FAE04EC0-301F-11D3-BF4B-00C04F79EFBC}") = "Week5Task3", "Week5Task3\Week5Task3.csproj", "{8BB516A4-4789-4AE8-8B75-023E6E82B707}"
EndProject
Global
	GlobalSection(SolutionConfigurationPlatforms) = preSolution
		Debug|Any CPU = Debug|Any CPU
		Release|Any CPU = Release|Any CPU
	EndGlobalSection
	GlobalSection(ProjectConfigurationPlatforms) = postSolution
		{CD5A678A-25AF-43CB-A585-76AEE385635A}.Debug|Any CPU.ActiveCfg = Debug|Any CPU
		{CD5A678A-25AF-43CB-A585-76AEE385635A}.Debug|Any CPU.Build.0 = Debug|Any CPU
		{CD5A678A-25AF-43CB-A585-76AEE385635A}.Release|Any CPU.ActiveCfg = Release|Any CPU
		{CD5A678A-25AF-43CB-A585-76AEE385635A}.Release|Any CPU.Build.0 = Release|Any CPU
		{7F5DAC79-4141-421D-BED8-436208E011E8}.Debug|Any CPU.ActiveCfg = Debug|Any CPU
		{7F5DAC79-4141-421D-BED8-436208E011E8}.Debug|Any CPU.Build.0 = Debug|Any CPU
		{7F5DAC79-4141-421D-BED8-436208E011E8}.Release|Any CPU.ActiveCfg = Release|Any CPU
		{7F5DAC79-4141-421D-BED8-436208E011E8}.Release|Any CPU.Build.0 = Release|Any CPU
		{B0CA07D3-CBE8-47E8-820B-F23BC84177C2}.Debug|Any CPU.ActiveCfg = Debug|Any CPU
		{B0CA07D3-CBE8-47E8-820B-F23BC84177C2}.Debug|Any CPU.Build.0 = Debug|Any CPU
		{B0CA07D3-CBE8-47E8-820B-F23BC84177C2}.Release|Any CPU.ActiveCfg = Release|Any CPU
		{B0CA07D3-CBE8-47E8-820B-F23BC84177C2}.Release|Any CPU.Build.0 = Release|Any CPU
		{3D639D0C-56AC-449F-8D21-64623EEC8D29}.Debug|Any CPU.ActiveCfg = Debug|Any CPU
		{3D639D0C-56AC-449F-8D21-64623EEC8D29}.Debug|Any CPU.Build.0 = Debug|Any CPU
		{3D639D0C-56AC-449F-8D21-64623EEC8D29}.Release|Any CPU.ActiveCfg = Release|Any CPU
		{3D639D0C-56AC-449F-8D21-64623EEC8D29}.Release|Any CPU.Build.0 = Release|Any CPU
		{DB84A95D-BF58-4FA3-A79E-BFAEEBEAA04E}.Debug|Any CPU.ActiveCfg = Debug|Any CPU
		{DB84A95D-BF58-4FA3-A79E-BFAEEBEAA04E}.Debug|Any CPU.Build.0 = Debug|Any CPU
		{DB84A95D-BF58-4FA3-A79E-BFAEEBEAA04E}.Release|Any CPU.ActiveCfg = Release|Any CPU
		{DB84A95D-BF58-4FA3-A79E-BFAEEBEAA04E}.Release|Any CPU.Build.0 = Release|Any CPU
		{96F0363C-8461-4BC7-9FC1-B6819C84BCC3}.Debug|Any CPU.ActiveCfg = Debug|Any CPU
		{96F0363C-8461-4BC7-9FC1-B6819C84BCC3}.Debug|Any CPU.Build.0 = Debug|Any CPU
		{96F0363C-8461-4BC7-9FC1-B6819C84BCC3}.Release|Any CPU.ActiveCfg = Release|Any CPU
		{96F0363C-8461-4BC7-9FC1-B6819C84BCC3}.Release|Any CPU.Build.0 = Release|Any CPU
		{B841D57F-A2BD-401D-AD90-F2629A1C8E45}.Debug|Any CPU.ActiveCfg = Debug|Any CPU
		{B841D57F-A2BD-401D-AD90-F2629A1C8E45}.Debug|Any CPU.Build.0 = Debug|Any CPU
		{B841D57F-A2BD-401D-AD90-F2629A1C8E45}.Release|Any CPU.ActiveCfg = Release|Any CPU
		{B841D57F-A2BD-401D-AD90-F2629A1C8E45}.Release|Any CPU.Build.0 = Release|Any CPU
		{7639A62A-33A0-45D6-A295-89E8B9534CFD}.Debug|Any CPU.ActiveCfg = Debug|Any CPU
		{7639A62A-33A0-45D6-A295-89E8B9534CFD}.Debug|Any CPU.Build.0 = Debug|Any CPU
		{7639A62A-33A0-45D6-A295-89E8B9534CFD}.Release|Any CPU.ActiveCfg = Release|Any CPU
		{7639A62A-33A0-45D6-A295-89E8B9534CFD}.Release|Any CPU.Build.0 = Release|Any CPU
		{8BB516A4-4789-4AE8-8B75-023E6E82B707}.Debug|Any CPU.ActiveCfg = Debug|Any CPU
		{8BB516A4-4789-4AE8-8B75-023E6E82B707}.Debug|Any CPU.Build.0 = Debug|Any CPU
		{8BB516A4-4789-4AE8-8B75-023E6E82B707}.Release|Any CPU.ActiveCfg = Release|Any CPU
		{8BB516A4-4789-4AE8-8B75-023E6E82B707}.Release|Any CPU.Build.0 = Release|Any CPU
	EndGlobalSection
	GlobalSection(SolutionProperties) = preSolution
		HideSolutionNode = FALSE
	EndGlobalSection
	GlobalSection(NestedProjects) = preSolution
		{CD5A678A-25AF-43CB-A585-76AEE385635A} = {7D2E0FDE-48DF-4949-A962-5B33494AB944}
		{7F5DAC79-4141-421D-BED8-436208E011E8} = {7D2E0FDE-48DF-4949-A962-5B33494AB944}
		{B0CA07D3-CBE8-47E8-820B-F23BC84177C2} = {7D2E0FDE-48DF-4949-A962-5B33494AB944}
		{3D639D0C-56AC-449F-8D21-64623EEC8D29} = {0A402429-CD4A-4B4D-AB72-2E3BD39D455E}
		{DB84A95D-BF58-4FA3-A79E-BFAEEBEAA04E} = {0A402429-CD4A-4B4D-AB72-2E3BD39D455E}
		{96F0363C-8461-4BC7-9FC1-B6819C84BCC3} = {0A402429-CD4A-4B4D-AB72-2E3BD39D455E}
		{B841D57F-A2BD-401D-AD90-F2629A1C8E45} = {0A402429-CD4A-4B4D-AB72-2E3BD39D455E}
		{7639A62A-33A0-45D6-A295-89E8B9534CFD} = {7CCD6BD7-F1DA-4421-A08D-FAFDC5E51E37}
		{8BB516A4-4789-4AE8-8B75-023E6E82B707} = {7CCD6BD7-F1DA-4421-A08D-FAFDC5E51E37}
	EndGlobalSection
	GlobalSection(ExtensibilityGlobals) = postSolution
		SolutionGuid = {1347C23B-CAB3-46B2-82D3-E651FC37D3C5}
	EndGlobalSection
EndGlobal
